// !$*UTF8*$!
{
	archiveVersion = 1;
	classes = {
	};
	objectVersion = 56;
	objects = {

/* Begin PBXBuildFile section */
		2FC2EC0C2A73920900A3D3E1 /* AppDelegate.m in Sources */ = {isa = PBXBuildFile; fileRef = 2FC2EC0B2A73920900A3D3E1 /* AppDelegate.m */; };
		2FC2EC0F2A73920900A3D3E1 /* SceneDelegate.m in Sources */ = {isa = PBXBuildFile; fileRef = 2FC2EC0E2A73920900A3D3E1 /* SceneDelegate.m */; };
		2FC2EC122A73920900A3D3E1 /* ViewController.mm in Sources */ = {isa = PBXBuildFile; fileRef = 2FC2EC112A73920900A3D3E1 /* ViewController.mm */; };
		2FC2EC152A73920900A3D3E1 /* Main.storyboard in Resources */ = {isa = PBXBuildFile; fileRef = 2FC2EC132A73920900A3D3E1 /* Main.storyboard */; };
		2FC2EC172A73920A00A3D3E1 /* Assets.xcassets in Resources */ = {isa = PBXBuildFile; fileRef = 2FC2EC162A73920A00A3D3E1 /* Assets.xcassets */; };
		2FC2EC1A2A73920A00A3D3E1 /* LaunchScreen.storyboard in Resources */ = {isa = PBXBuildFile; fileRef = 2FC2EC182A73920A00A3D3E1 /* LaunchScreen.storyboard */; };
		2FC2EC1D2A73920A00A3D3E1 /* main.m in Sources */ = {isa = PBXBuildFile; fileRef = 2FC2EC1C2A73920A00A3D3E1 /* main.m */; };
		2FC2EC242A73947700A3D3E1 /* libraries in Resources */ = {isa = PBXBuildFile; fileRef = 2FC2EC232A73947700A3D3E1 /* libraries */; };
		2FC2EC272A73949700A3D3E1 /* libomp.a in Frameworks */ = {isa = PBXBuildFile; fileRef = 2FC2EC262A73949700A3D3E1 /* libomp.a */; };
		2FC2EC292A7395A000A3D3E1 /* libraw.a in Frameworks */ = {isa = PBXBuildFile; fileRef = 2FC2EC282A7395A000A3D3E1 /* libraw.a */; };
		2FC2EC2B2A73960E00A3D3E1 /* libc++.tbd in Frameworks */ = {isa = PBXBuildFile; fileRef = 2FC2EC2A2A73960E00A3D3E1 /* libc++.tbd */; };
		2FC2EC2D2A73961600A3D3E1 /* libz.tbd in Frameworks */ = {isa = PBXBuildFile; fileRef = 2FC2EC2C2A73961600A3D3E1 /* libz.tbd */; };
		2FC2EC2F2A7396D600A3D3E1 /* liblcms2.a in Frameworks */ = {isa = PBXBuildFile; fileRef = 2FC2EC2E2A7396D600A3D3E1 /* liblcms2.a */; };
		2FC2EC312A7398F100A3D3E1 /* libexiv2.a in Frameworks */ = {isa = PBXBuildFile; fileRef = 2FC2EC302A7398F100A3D3E1 /* libexiv2.a */; };
		2FC2EC332A73A68C00A3D3E1 /* libiconv.tbd in Frameworks */ = {isa = PBXBuildFile; fileRef = 2FC2EC322A73A68C00A3D3E1 /* libiconv.tbd */; };
/* End PBXBuildFile section */

/* Begin PBXFileReference section */
		2FC2EC072A73920900A3D3E1 /* demo.app */ = {isa = PBXFileReference; explicitFileType = wrapper.application; includeInIndex = 0; path = demo.app; sourceTree = BUILT_PRODUCTS_DIR; };
		2FC2EC0A2A73920900A3D3E1 /* AppDelegate.h */ = {isa = PBXFileReference; lastKnownFileType = sourcecode.c.h; path = AppDelegate.h; sourceTree = "<group>"; };
		2FC2EC0B2A73920900A3D3E1 /* AppDelegate.m */ = {isa = PBXFileReference; lastKnownFileType = sourcecode.c.objc; path = AppDelegate.m; sourceTree = "<group>"; };
		2FC2EC0D2A73920900A3D3E1 /* SceneDelegate.h */ = {isa = PBXFileReference; lastKnownFileType = sourcecode.c.h; path = SceneDelegate.h; sourceTree = "<group>"; };
		2FC2EC0E2A73920900A3D3E1 /* SceneDelegate.m */ = {isa = PBXFileReference; lastKnownFileType = sourcecode.c.objc; path = SceneDelegate.m; sourceTree = "<group>"; };
		2FC2EC102A73920900A3D3E1 /* ViewController.h */ = {isa = PBXFileReference; lastKnownFileType = sourcecode.c.h; path = ViewController.h; sourceTree = "<group>"; };
		2FC2EC112A73920900A3D3E1 /* ViewController.mm */ = {isa = PBXFileReference; lastKnownFileType = sourcecode.cpp.objcpp; path = ViewController.mm; sourceTree = "<group>"; };
		2FC2EC142A73920900A3D3E1 /* Base */ = {isa = PBXFileReference; lastKnownFileType = file.storyboard; name = Base; path = Base.lproj/Main.storyboard; sourceTree = "<group>"; };
		2FC2EC162A73920A00A3D3E1 /* Assets.xcassets */ = {isa = PBXFileReference; lastKnownFileType = folder.assetcatalog; path = Assets.xcassets; sourceTree = "<group>"; };
		2FC2EC192A73920A00A3D3E1 /* Base */ = {isa = PBXFileReference; lastKnownFileType = file.storyboard; name = Base; path = Base.lproj/LaunchScreen.storyboard; sourceTree = "<group>"; };
		2FC2EC1B2A73920A00A3D3E1 /* Info.plist */ = {isa = PBXFileReference; lastKnownFileType = text.plist.xml; path = Info.plist; sourceTree = "<group>"; };
		2FC2EC1C2A73920A00A3D3E1 /* main.m */ = {isa = PBXFileReference; lastKnownFileType = sourcecode.c.objc; path = main.m; sourceTree = "<group>"; };
		2FC2EC232A73947700A3D3E1 /* libraries */ = {isa = PBXFileReference; lastKnownFileType = folder; name = libraries; path = ../../libraries; sourceTree = "<group>"; };
		2FC2EC262A73949700A3D3E1 /* libomp.a */ = {isa = PBXFileReference; lastKnownFileType = archive.ar; name = libomp.a; path = ../libraries/openmp/lib/libomp.a; sourceTree = "<group>"; };
		2FC2EC282A7395A000A3D3E1 /* libraw.a */ = {isa = PBXFileReference; lastKnownFileType = archive.ar; name = libraw.a; path = ../libraries/libraw/lib/libraw.a; sourceTree = "<group>"; };
		2FC2EC2A2A73960E00A3D3E1 /* libc++.tbd */ = {isa = PBXFileReference; lastKnownFileType = "sourcecode.text-based-dylib-definition"; name = "libc++.tbd"; path = "usr/lib/libc++.tbd"; sourceTree = SDKROOT; };
		2FC2EC2C2A73961600A3D3E1 /* libz.tbd */ = {isa = PBXFileReference; lastKnownFileType = "sourcecode.text-based-dylib-definition"; name = libz.tbd; path = usr/lib/libz.tbd; sourceTree = SDKROOT; };
		2FC2EC2E2A7396D600A3D3E1 /* liblcms2.a */ = {isa = PBXFileReference; lastKnownFileType = archive.ar; name = liblcms2.a; path = ../libraries/lcms2/lib/liblcms2.a; sourceTree = "<group>"; };
		2FC2EC302A7398F100A3D3E1 /* libexiv2.a */ = {isa = PBXFileReference; lastKnownFileType = archive.ar; name = libexiv2.a; path = ../libraries/exiv2/lib/libexiv2.a; sourceTree = "<group>"; };
		2FC2EC322A73A68C00A3D3E1 /* libiconv.tbd */ = {isa = PBXFileReference; lastKnownFileType = "sourcecode.text-based-dylib-definition"; name = libiconv.tbd; path = usr/lib/libiconv.tbd; sourceTree = SDKROOT; };
/* End PBXFileReference section */

/* Begin PBXFrameworksBuildPhase section */
		2FC2EC042A73920900A3D3E1 /* Frameworks */ = {
			isa = PBXFrameworksBuildPhase;
			buildActionMask = 2147483647;
			files = (
				2FC2EC332A73A68C00A3D3E1 /* libiconv.tbd in Frameworks */,
				2FC2EC2D2A73961600A3D3E1 /* libz.tbd in Frameworks */,
				2FC2EC2B2A73960E00A3D3E1 /* libc++.tbd in Frameworks */,
				2FC2EC292A7395A000A3D3E1 /* libraw.a in Frameworks */,
				2FC2EC2F2A7396D600A3D3E1 /* liblcms2.a in Frameworks */,
				2FC2EC312A7398F100A3D3E1 /* libexiv2.a in Frameworks */,
				2FC2EC272A73949700A3D3E1 /* libomp.a in Frameworks */,
			);
			runOnlyForDeploymentPostprocessing = 0;
		};
/* End PBXFrameworksBuildPhase section */

/* Begin PBXGroup section */
		2FC2EBFE2A73920900A3D3E1 = {
			isa = PBXGroup;
			children = (
				2FC2EC092A73920900A3D3E1 /* demo */,
				2FC2EC082A73920900A3D3E1 /* Products */,
				2FC2EC252A73949700A3D3E1 /* Frameworks */,
			);
			sourceTree = "<group>";
		};
		2FC2EC082A73920900A3D3E1 /* Products */ = {
			isa = PBXGroup;
			children = (
				2FC2EC072A73920900A3D3E1 /* demo.app */,
			);
			name = Products;
			sourceTree = "<group>";
		};
		2FC2EC092A73920900A3D3E1 /* demo */ = {
			isa = PBXGroup;
			children = (
				2FC2EC0A2A73920900A3D3E1 /* AppDelegate.h */,
				2FC2EC0B2A73920900A3D3E1 /* AppDelegate.m */,
				2FC2EC0D2A73920900A3D3E1 /* SceneDelegate.h */,
				2FC2EC0E2A73920900A3D3E1 /* SceneDelegate.m */,
				2FC2EC102A73920900A3D3E1 /* ViewController.h */,
				2FC2EC112A73920900A3D3E1 /* ViewController.mm */,
				2FC2EC132A73920900A3D3E1 /* Main.storyboard */,
				2FC2EC162A73920A00A3D3E1 /* Assets.xcassets */,
				2FC2EC182A73920A00A3D3E1 /* LaunchScreen.storyboard */,
				2FC2EC1B2A73920A00A3D3E1 /* Info.plist */,
				2FC2EC1C2A73920A00A3D3E1 /* main.m */,
				2FC2EC232A73947700A3D3E1 /* libraries */,
			);
			path = demo;
			sourceTree = "<group>";
		};
		2FC2EC252A73949700A3D3E1 /* Frameworks */ = {
			isa = PBXGroup;
			children = (
				2FC2EC322A73A68C00A3D3E1 /* libiconv.tbd */,
				2FC2EC2C2A73961600A3D3E1 /* libz.tbd */,
				2FC2EC2A2A73960E00A3D3E1 /* libc++.tbd */,
				2FC2EC262A73949700A3D3E1 /* libomp.a */,
				2FC2EC282A7395A000A3D3E1 /* libraw.a */,
				2FC2EC2E2A7396D600A3D3E1 /* liblcms2.a */,
				2FC2EC302A7398F100A3D3E1 /* libexiv2.a */,
			);
			name = Frameworks;
			sourceTree = "<group>";
		};
/* End PBXGroup section */

/* Begin PBXNativeTarget section */
		2FC2EC062A73920900A3D3E1 /* demo */ = {
			isa = PBXNativeTarget;
			buildConfigurationList = 2FC2EC202A73920A00A3D3E1 /* Build configuration list for PBXNativeTarget "demo" */;
			buildPhases = (
				2FC2EC032A73920900A3D3E1 /* Sources */,
				2FC2EC042A73920900A3D3E1 /* Frameworks */,
				2FC2EC052A73920900A3D3E1 /* Resources */,
			);
			buildRules = (
			);
			dependencies = (
			);
			name = demo;
			productName = demo;
			productReference = 2FC2EC072A73920900A3D3E1 /* demo.app */;
			productType = "com.apple.product-type.application";
		};
/* End PBXNativeTarget section */

/* Begin PBXProject section */
		2FC2EBFF2A73920900A3D3E1 /* Project object */ = {
			isa = PBXProject;
			attributes = {
				BuildIndependentTargetsInParallel = 1;
				LastUpgradeCheck = 1430;
				TargetAttributes = {
					2FC2EC062A73920900A3D3E1 = {
						CreatedOnToolsVersion = 14.3.1;
					};
				};
			};
			buildConfigurationList = 2FC2EC022A73920900A3D3E1 /* Build configuration list for PBXProject "demo" */;
			compatibilityVersion = "Xcode 14.0";
			developmentRegion = en;
			hasScannedForEncodings = 0;
			knownRegions = (
				en,
				Base,
			);
			mainGroup = 2FC2EBFE2A73920900A3D3E1;
			productRefGroup = 2FC2EC082A73920900A3D3E1 /* Products */;
			projectDirPath = "";
			projectRoot = "";
			targets = (
				2FC2EC062A73920900A3D3E1 /* demo */,
			);
		};
/* End PBXProject section */

/* Begin PBXResourcesBuildPhase section */
		2FC2EC052A73920900A3D3E1 /* Resources */ = {
			isa = PBXResourcesBuildPhase;
			buildActionMask = 2147483647;
			files = (
				2FC2EC1A2A73920A00A3D3E1 /* LaunchScreen.storyboard in Resources */,
				2FC2EC172A73920A00A3D3E1 /* Assets.xcassets in Resources */,
				2FC2EC242A73947700A3D3E1 /* libraries in Resources */,
				2FC2EC152A73920900A3D3E1 /* Main.storyboard in Resources */,
			);
			runOnlyForDeploymentPostprocessing = 0;
		};
/* End PBXResourcesBuildPhase section */

/* Begin PBXSourcesBuildPhase section */
		2FC2EC032A73920900A3D3E1 /* Sources */ = {
			isa = PBXSourcesBuildPhase;
			buildActionMask = 2147483647;
			files = (
				2FC2EC122A73920900A3D3E1 /* ViewController.mm in Sources */,
				2FC2EC0C2A73920900A3D3E1 /* AppDelegate.m in Sources */,
				2FC2EC1D2A73920A00A3D3E1 /* main.m in Sources */,
				2FC2EC0F2A73920900A3D3E1 /* SceneDelegate.m in Sources */,
			);
			runOnlyForDeploymentPostprocessing = 0;
		};
/* End PBXSourcesBuildPhase section */

/* Begin PBXVariantGroup section */
		2FC2EC132A73920900A3D3E1 /* Main.storyboard */ = {
			isa = PBXVariantGroup;
			children = (
				2FC2EC142A73920900A3D3E1 /* Base */,
			);
			name = Main.storyboard;
			sourceTree = "<group>";
		};
		2FC2EC182A73920A00A3D3E1 /* LaunchScreen.storyboard */ = {
			isa = PBXVariantGroup;
			children = (
				2FC2EC192A73920A00A3D3E1 /* Base */,
			);
			name = LaunchScreen.storyboard;
			sourceTree = "<group>";
		};
/* End PBXVariantGroup section */

/* Begin XCBuildConfiguration section */
		2FC2EC1E2A73920A00A3D3E1 /* Debug */ = {
			isa = XCBuildConfiguration;
			buildSettings = {
				ALWAYS_SEARCH_USER_PATHS = NO;
				CLANG_ANALYZER_NONNULL = YES;
				CLANG_ANALYZER_NUMBER_OBJECT_CONVERSION = YES_AGGRESSIVE;
				CLANG_CXX_LANGUAGE_STANDARD = "gnu++20";
				CLANG_ENABLE_MODULES = YES;
				CLANG_ENABLE_OBJC_ARC = YES;
				CLANG_ENABLE_OBJC_WEAK = YES;
				CLANG_WARN_BLOCK_CAPTURE_AUTORELEASING = YES;
				CLANG_WARN_BOOL_CONVERSION = YES;
				CLANG_WARN_COMMA = YES;
				CLANG_WARN_CONSTANT_CONVERSION = YES;
				CLANG_WARN_DEPRECATED_OBJC_IMPLEMENTATIONS = YES;
				CLANG_WARN_DIRECT_OBJC_ISA_USAGE = YES_ERROR;
				CLANG_WARN_DOCUMENTATION_COMMENTS = YES;
				CLANG_WARN_EMPTY_BODY = YES;
				CLANG_WARN_ENUM_CONVERSION = YES;
				CLANG_WARN_INFINITE_RECURSION = YES;
				CLANG_WARN_INT_CONVERSION = YES;
				CLANG_WARN_NON_LITERAL_NULL_CONVERSION = YES;
				CLANG_WARN_OBJC_IMPLICIT_RETAIN_SELF = YES;
				CLANG_WARN_OBJC_LITERAL_CONVERSION = YES;
				CLANG_WARN_OBJC_ROOT_CLASS = YES_ERROR;
				CLANG_WARN_QUOTED_INCLUDE_IN_FRAMEWORK_HEADER = YES;
				CLANG_WARN_RANGE_LOOP_ANALYSIS = YES;
				CLANG_WARN_STRICT_PROTOTYPES = YES;
				CLANG_WARN_SUSPICIOUS_MOVE = YES;
				CLANG_WARN_UNGUARDED_AVAILABILITY = YES_AGGRESSIVE;
				CLANG_WARN_UNREACHABLE_CODE = YES;
				CLANG_WARN__DUPLICATE_METHOD_MATCH = YES;
				COPY_PHASE_STRIP = NO;
				DEBUG_INFORMATION_FORMAT = dwarf;
				ENABLE_STRICT_OBJC_MSGSEND = YES;
				ENABLE_TESTABILITY = YES;
				GCC_C_LANGUAGE_STANDARD = gnu11;
				GCC_DYNAMIC_NO_PIC = NO;
				GCC_NO_COMMON_BLOCKS = YES;
				GCC_OPTIMIZATION_LEVEL = 0;
				GCC_PREPROCESSOR_DEFINITIONS = (
					"DEBUG=1",
					"$(inherited)",
				);
				GCC_WARN_64_TO_32_BIT_CONVERSION = YES;
				GCC_WARN_ABOUT_RETURN_TYPE = YES_ERROR;
				GCC_WARN_UNDECLARED_SELECTOR = YES;
				GCC_WARN_UNINITIALIZED_AUTOS = YES_AGGRESSIVE;
				GCC_WARN_UNUSED_FUNCTION = YES;
				GCC_WARN_UNUSED_VARIABLE = YES;
				IPHONEOS_DEPLOYMENT_TARGET = 16.4;
				MTL_ENABLE_DEBUG_INFO = INCLUDE_SOURCE;
				MTL_FAST_MATH = YES;
				ONLY_ACTIVE_ARCH = YES;
				SDKROOT = iphoneos;
			};
			name = Debug;
		};
		2FC2EC1F2A73920A00A3D3E1 /* Release */ = {
			isa = XCBuildConfiguration;
			buildSettings = {
				ALWAYS_SEARCH_USER_PATHS = NO;
				CLANG_ANALYZER_NONNULL = YES;
				CLANG_ANALYZER_NUMBER_OBJECT_CONVERSION = YES_AGGRESSIVE;
				CLANG_CXX_LANGUAGE_STANDARD = "gnu++20";
				CLANG_ENABLE_MODULES = YES;
				CLANG_ENABLE_OBJC_ARC = YES;
				CLANG_ENABLE_OBJC_WEAK = YES;
				CLANG_WARN_BLOCK_CAPTURE_AUTORELEASING = YES;
				CLANG_WARN_BOOL_CONVERSION = YES;
				CLANG_WARN_COMMA = YES;
				CLANG_WARN_CONSTANT_CONVERSION = YES;
				CLANG_WARN_DEPRECATED_OBJC_IMPLEMENTATIONS = YES;
				CLANG_WARN_DIRECT_OBJC_ISA_USAGE = YES_ERROR;
				CLANG_WARN_DOCUMENTATION_COMMENTS = YES;
				CLANG_WARN_EMPTY_BODY = YES;
				CLANG_WARN_ENUM_CONVERSION = YES;
				CLANG_WARN_INFINITE_RECURSION = YES;
				CLANG_WARN_INT_CONVERSION = YES;
				CLANG_WARN_NON_LITERAL_NULL_CONVERSION = YES;
				CLANG_WARN_OBJC_IMPLICIT_RETAIN_SELF = YES;
				CLANG_WARN_OBJC_LITERAL_CONVERSION = YES;
				CLANG_WARN_OBJC_ROOT_CLASS = YES_ERROR;
				CLANG_WARN_QUOTED_INCLUDE_IN_FRAMEWORK_HEADER = YES;
				CLANG_WARN_RANGE_LOOP_ANALYSIS = YES;
				CLANG_WARN_STRICT_PROTOTYPES = YES;
				CLANG_WARN_SUSPICIOUS_MOVE = YES;
				CLANG_WARN_UNGUARDED_AVAILABILITY = YES_AGGRESSIVE;
				CLANG_WARN_UNREACHABLE_CODE = YES;
				CLANG_WARN__DUPLICATE_METHOD_MATCH = YES;
				COPY_PHASE_STRIP = NO;
				DEBUG_INFORMATION_FORMAT = "dwarf-with-dsym";
				ENABLE_NS_ASSERTIONS = NO;
				ENABLE_STRICT_OBJC_MSGSEND = YES;
				GCC_C_LANGUAGE_STANDARD = gnu11;
				GCC_NO_COMMON_BLOCKS = YES;
				GCC_WARN_64_TO_32_BIT_CONVERSION = YES;
				GCC_WARN_ABOUT_RETURN_TYPE = YES_ERROR;
				GCC_WARN_UNDECLARED_SELECTOR = YES;
				GCC_WARN_UNINITIALIZED_AUTOS = YES_AGGRESSIVE;
				GCC_WARN_UNUSED_FUNCTION = YES;
				GCC_WARN_UNUSED_VARIABLE = YES;
				IPHONEOS_DEPLOYMENT_TARGET = 16.4;
				MTL_ENABLE_DEBUG_INFO = NO;
				MTL_FAST_MATH = YES;
				SDKROOT = iphoneos;
				VALIDATE_PRODUCT = YES;
			};
			name = Release;
		};
		2FC2EC212A73920A00A3D3E1 /* Debug */ = {
			isa = XCBuildConfiguration;
			buildSettings = {
				ASSETCATALOG_COMPILER_APPICON_NAME = AppIcon;
				ASSETCATALOG_COMPILER_GLOBAL_ACCENT_COLOR_NAME = AccentColor;
				CLANG_CXX_LANGUAGE_STANDARD = "gnu++14";
				CODE_SIGN_STYLE = Manual;
				CURRENT_PROJECT_VERSION = 1;
				DEVELOPMENT_TEAM = "";
				"EXCLUDED_ARCHS[sdk=iphonesimulator*]" = arm64;
				GCC_PREPROCESSOR_DEFINITIONS = (
					CMS_NO_REGISTER_KEYWORD,
					"$(inherited)",
				);
				GENERATE_INFOPLIST_FILE = YES;
				HEADER_SEARCH_PATHS = (
					"\"$(SRCROOT)/../libraries/exiv2/include\"",
					"\"$(SRCROOT)/../libraries/lcms2/include\"",
					"\"$(SRCROOT)/../libraries/libraw/include\"",
					"\"$(SRCROOT)/../libraries/openmp/include\"",
				);
				INFOPLIST_FILE = demo/Info.plist;
				INFOPLIST_KEY_UIApplicationSupportsIndirectInputEvents = YES;
				INFOPLIST_KEY_UILaunchStoryboardName = LaunchScreen;
				INFOPLIST_KEY_UIMainStoryboardFile = Main;
				INFOPLIST_KEY_UISupportedInterfaceOrientations_iPad = "UIInterfaceOrientationPortrait UIInterfaceOrientationPortraitUpsideDown UIInterfaceOrientationLandscapeLeft UIInterfaceOrientationLandscapeRight";
				INFOPLIST_KEY_UISupportedInterfaceOrientations_iPhone = "UIInterfaceOrientationPortrait UIInterfaceOrientationLandscapeLeft UIInterfaceOrientationLandscapeRight";
				IPHONEOS_DEPLOYMENT_TARGET = 13.0;
				LD_RUNPATH_SEARCH_PATHS = (
					"$(inherited)",
					"@executable_path/Frameworks",
				);
				LIBRARY_SEARCH_PATHS = (
					"\"$(SRCROOT)/../libraries/exiv2/lib\"",
					"\"$(SRCROOT)/../libraries/lcms2/lib\"",
					"\"$(SRCROOT)/../libraries/libraw/lib\"",
					"\"$(SRCROOT)/../libraries/openmp/lib\"",
				);
				MARKETING_VERSION = 1.0;
				OTHER_CPLUSPLUSFLAGS = (
					"$(OTHER_CFLAGS)",
					"-fcxx-modules",
				);
				OTHER_LDFLAGS = (
					"-Xclang",
					"-openmp",
				);
				PRODUCT_BUNDLE_IDENTIFIER = liit.libraries.demo;
				PRODUCT_NAME = "$(TARGET_NAME)";
				PROVISIONING_PROFILE_SPECIFIER = "";
				SUPPORTED_PLATFORMS = "iphoneos iphonesimulator";
				SUPPORTS_MACCATALYST = NO;
				SUPPORTS_MAC_DESIGNED_FOR_IPHONE_IPAD = NO;
				SWIFT_EMIT_LOC_STRINGS = YES;
				TARGETED_DEVICE_FAMILY = "1,2";
			};
			name = Debug;
		};
		2FC2EC222A73920A00A3D3E1 /* Release */ = {
			isa = XCBuildConfiguration;
			buildSettings = {
				ASSETCATALOG_COMPILER_APPICON_NAME = AppIcon;
				ASSETCATALOG_COMPILER_GLOBAL_ACCENT_COLOR_NAME = AccentColor;
				CLANG_CXX_LANGUAGE_STANDARD = "gnu++14";
				CODE_SIGN_STYLE = Manual;
				CURRENT_PROJECT_VERSION = 1;
				DEVELOPMENT_TEAM = "";
				GCC_PREPROCESSOR_DEFINITIONS = CMS_NO_REGISTER_KEYWORD;
				GENERATE_INFOPLIST_FILE = YES;
				HEADER_SEARCH_PATHS = (
					"\"$(SRCROOT)/../libraries/exiv2/include\"",
					"\"$(SRCROOT)/../libraries/lcms2/include\"",
					"\"$(SRCROOT)/../libraries/libraw/include\"",
					"\"$(SRCROOT)/../libraries/openmp/include\"",
				);
				INFOPLIST_FILE = demo/Info.plist;
				INFOPLIST_KEY_UIApplicationSupportsIndirectInputEvents = YES;
				INFOPLIST_KEY_UILaunchStoryboardName = LaunchScreen;
				INFOPLIST_KEY_UIMainStoryboardFile = Main;
				INFOPLIST_KEY_UISupportedInterfaceOrientations_iPad = "UIInterfaceOrientationPortrait UIInterfaceOrientationPortraitUpsideDown UIInterfaceOrientationLandscapeLeft UIInterfaceOrientationLandscapeRight";
				INFOPLIST_KEY_UISupportedInterfaceOrientations_iPhone = "UIInterfaceOrientationPortrait UIInterfaceOrientationLandscapeLeft UIInterfaceOrientationLandscapeRight";
				IPHONEOS_DEPLOYMENT_TARGET = 13.0;
				LD_RUNPATH_SEARCH_PATHS = (
					"$(inherited)",
					"@executable_path/Frameworks",
				);
				LIBRARY_SEARCH_PATHS = (
					"\"$(SRCROOT)/../libraries/exiv2/lib\"",
					"\"$(SRCROOT)/../libraries/lcms2/lib\"",
					"\"$(SRCROOT)/../libraries/libraw/lib\"",
					"\"$(SRCROOT)/../libraries/openmp/lib\"",
				);
				MARKETING_VERSION = 1.0;
				OTHER_CPLUSPLUSFLAGS = (
					"$(OTHER_CFLAGS)",
					"-fcxx-modules",
				);
				OTHER_LDFLAGS = (
					"-Xclang",
					"-openmp",
				);
				PRODUCT_BUNDLE_IDENTIFIER = liit.libraries.demo;
				PRODUCT_NAME = "$(TARGET_NAME)";
				PROVISIONING_PROFILE_SPECIFIER = "";
				SUPPORTED_PLATFORMS = "iphoneos iphonesimulator";
				SUPPORTS_MACCATALYST = NO;
				SUPPORTS_MAC_DESIGNED_FOR_IPHONE_IPAD = NO;
				SWIFT_EMIT_LOC_STRINGS = YES;
				TARGETED_DEVICE_FAMILY = "1,2";
			};
			name = Release;
		};
/* End XCBuildConfiguration section */

/* Begin XCConfigurationList section */
		2FC2EC022A73920900A3D3E1 /* Build configuration list for PBXProject "demo" */ = {
			isa = XCConfigurationList;
			buildConfigurations = (
				2FC2EC1E2A73920A00A3D3E1 /* Debug */,
				2FC2EC1F2A73920A00A3D3E1 /* Release */,
			);
			defaultConfigurationIsVisible = 0;
			defaultConfigurationName = Release;
		};
		2FC2EC202A73920A00A3D3E1 /* Build configuration list for PBXNativeTarget "demo" */ = {
			isa = XCConfigurationList;
			buildConfigurations = (
				2FC2EC212A73920A00A3D3E1 /* Debug */,
				2FC2EC222A73920A00A3D3E1 /* Release */,
			);
			defaultConfigurationIsVisible = 0;
			defaultConfigurationName = Release;
		};
/* End XCConfigurationList section */
	};
	rootObject = 2FC2EBFF2A73920900A3D3E1 /* Project object */;
}
